<?xml version="1.0" encoding="utf-8"?>
<Project ToolsVersion="4.0" xmlns="http://schemas.microsoft.com/developer/msbuild/2003">
  <ItemGroup>
    <ClCompile Include="DDZServer.cpp" />
    <ClCompile Include="thread\ThreadLibFunctions.cpp" />
    <ClCompile Include="socket\SocketLibErrors.cpp" />
    <ClCompile Include="socket\SocketSet.cpp" />
    <ClCompile Include="socket\SocketLibSocket.cpp" />
    <ClCompile Include="socket\SocketLibSystem.cpp" />
    <ClCompile Include="basic\GameLog.cpp" />
    <ClCompile Include="basic\ConfigMgr.cpp" />
    <ClCompile Include="message\MsgMgr.cpp" />
    <ClCompile Include="protocol\Protobuf.cpp" />
    <ClCompile Include="message\BaseMsg.pb.cc" />
    <ClCompile Include="basic\inih\cpp\INIReader.cpp" />
    <ClCompile Include="basic\inih\ini.c" />
    <ClCompile Include="basiclib\BasicLibRandom.cpp" />
    <ClCompile Include="basiclib\BasicLibString.cpp" />
    <ClCompile Include="basiclib\BasicLibTime.cpp" />
    <ClCompile Include="module\user\msg\player.pb.cc" />
    <ClCompile Include="module\user\UserDao.cpp" />
    <ClCompile Include="module\user\UserMgr.cpp" />
    <ClCompile Include="utils\StringUtils.cpp" />
    <ClCompile Include="db\DbMgr.cpp" />
    <ClCompile Include="db\ConnectionPool.cpp" />
    <ClCompile Include="module\room\msg\room.pb.cc" />
    <ClCompile Include="module\room\RoomMgr.cpp" />
    <ClCompile Include="module\table\msg\table.pb.cc" />
    <ClCompile Include="module\table\Table.cpp" />
    <ClCompile Include="module\table\TableMgr.cpp" />
  </ItemGroup>
  <ItemGroup>
    <ClInclude Include="thread\ThreadException.h" />
    <ClInclude Include="thread\ThreadLib.h" />
    <ClInclude Include="thread\ThreadLibFunctions.h" />
    <ClInclude Include="thread\ThreadLibMutex.h" />
    <ClInclude Include="socket\SocketLib.h" />
    <ClInclude Include="socket\SocketLibTypes.h" />
    <ClInclude Include="socket\SocketLibErrors.h" />
    <ClInclude Include="socket\SocketSet.h" />
    <ClInclude Include="socket\SocketLibSocket.h" />
    <ClInclude Include="socket\SocketLibSystem.h" />
    <ClInclude Include="socket\Connection.h" />
    <ClInclude Include="socket\ConnectionManager.h" />
    <ClInclude Include="socket\ListeningManager.h" />
    <ClInclude Include="basic\GameLog.h" />
    <ClInclude Include="basic\FileUtil.h" />
    <ClInclude Include="basic\ConfigMgr.h" />
    <ClInclude Include="basic\Exception.h" />
    <ClInclude Include="message\MsgMgr.h" />
    <ClInclude Include="protocol\Protobuf.h" />
    <ClInclude Include="message\BaseMsg.pb.h" />
    <ClInclude Include="basic\inih\cpp\INIReader.h" />
    <ClInclude Include="basic\inih\ini.h" />
    <ClInclude Include="basiclib\BasicLib.h" />
    <ClInclude Include="basiclib\BasicLibFunctions.h" />
    <ClInclude Include="basiclib\BasicLibRandom.h" />
    <ClInclude Include="basiclib\BasicLibString.h" />
    <ClInclude Include="basiclib\BasicLibTime.h" />
    <ClInclude Include="basiclib\BasicLibTypes.h" />
    <ClInclude Include="module\user\msg\player.pb.h" />
    <ClInclude Include="module\user\UserDao.h" />
    <ClInclude Include="module\user\UserMgr.h" />
    <ClInclude Include="module\IModule.h" />
    <ClInclude Include="module\ModuleMgr.h" />
    <ClInclude Include="utils\StringUtils.h" />
    <ClInclude Include="db\DbMgr.h" />
    <ClInclude Include="db\ConnectionPool.h" />
    <ClInclude Include="module\room\msg\room.pb.h" />
    <ClInclude Include="module\room\RoomMgr.h" />
    <ClInclude Include="basic\Basic.h" />
    <ClInclude Include="module\table\msg\table.pb.h" />
    <ClInclude Include="module\table\Table.h" />
    <ClInclude Include="module\table\TableMgr.h" />
  </ItemGroup>
</Project>